
Microsoft Visual Studio Solution File, Format Version 12.00
# Visual Studio 15
VisualStudioVersion = 15.0.27428.2037
MinimumVisualStudioVersion = 10.0.40219.1
Project("{FAE04EC0-301F-11D3-BF4B-00C04F79EFBC}") = "PerfTest", "PerfTest\PerfTest.csproj", "{72321C87-FB44-426D-998D-C54C079C8BD0}"
EndProject
Project("{FAE04EC0-301F-11D3-BF4B-00C04F79EFBC}") = "PerfTest.App", "PerfTest.App\PerfTest.App.csproj", "{370EDC90-8FDD-47D6-A799-4394E67802A9}"
EndProject
Global
	GlobalSection(SolutionConfigurationPlatforms) = preSolution
		Debug|Any CPU = Debug|Any CPU
		Release|Any CPU = Release|Any CPU
	EndGlobalSection
	GlobalSection(ProjectConfigurationPlatforms) = postSolution
		{72321C87-FB44-426D-998D-C54C079C8BD0}.Debug|Any CPU.ActiveCfg = Debug|Any CPU
		{72321C87-FB44-426D-998D-C54C079C8BD0}.Debug|Any CPU.Build.0 = Debug|Any CPU
		{72321C87-FB44-426D-998D-C54C079C8BD0}.Release|Any CPU.ActiveCfg = Release|Any CPU
		{72321C87-FB44-426D-998D-C54C079C8BD0}.Release|Any CPU.Build.0 = Release|Any CPU
		{370EDC90-8FDD-47D6-A799-4394E67802A9}.Debug|Any CPU.ActiveCfg = Debug|Any CPU
		{370EDC90-8FDD-47D6-A799-4394E67802A9}.Debug|Any CPU.Build.0 = Debug|Any CPU
		{370EDC90-8FDD-47D6-A799-4394E67802A9}.Release|Any CPU.ActiveCfg = Release|Any CPU
		{370EDC90-8FDD-47D6-A799-4394E67802A9}.Release|Any CPU.Build.0 = Release|Any CPU
	EndGlobalSection
	GlobalSection(SolutionProperties) = preSolution
		HideSolutionNode = FALSE
	EndGlobalSection
	GlobalSection(ExtensibilityGlobals) = postSolution
		SolutionGuid = {91D07F51-E5EA-437A-BD3C-6BD54A4BD08A}
	EndGlobalSection
EndGlobal
